
Microsoft Visual Studio Solution File, Format Version 12.00
# Visual Studio Version 16
VisualStudioVersion = 16.0.31025.194
MinimumVisualStudioVersion = 10.0.40219.1
Project("{FAE04EC0-301F-11D3-BF4B-00C04F79EFBC}") = "TRMDataManager", "TRMDataManager\TRMDataManager.csproj", "{CD62B2A7-6FC9-4DFD-9AC7-6A89AAD79473}"
EndProject
Project("{00D1A9C2-B5F0-4AF3-8072-F6C62B433612}") = "TRMData", "TRMData\TRMData.sqlproj", "{48B6584F-D549-4B04-80AD-92A20A61EDCC}"
EndProject
Project("{FAE04EC0-301F-11D3-BF4B-00C04F79EFBC}") = "TRMDesktopUI", "TRMDesktopUI\TRMDesktopUI.csproj", "{2EF0C5C2-CA4B-46FE-98A6-ABE70137ACE0}"
EndProject
Global
	GlobalSection(SolutionConfigurationPlatforms) = preSolution
		Debug|Any CPU = Debug|Any CPU
		Release|Any CPU = Release|Any CPU
	EndGlobalSection
	GlobalSection(ProjectConfigurationPlatforms) = postSolution
		{CD62B2A7-6FC9-4DFD-9AC7-6A89AAD79473}.Debug|Any CPU.ActiveCfg = Debug|Any CPU
		{CD62B2A7-6FC9-4DFD-9AC7-6A89AAD79473}.Debug|Any CPU.Build.0 = Debug|Any CPU
		{CD62B2A7-6FC9-4DFD-9AC7-6A89AAD79473}.Release|Any CPU.ActiveCfg = Release|Any CPU
		{CD62B2A7-6FC9-4DFD-9AC7-6A89AAD79473}.Release|Any CPU.Build.0 = Release|Any CPU
		{48B6584F-D549-4B04-80AD-92A20A61EDCC}.Debug|Any CPU.ActiveCfg = Debug|Any CPU
		{48B6584F-D549-4B04-80AD-92A20A61EDCC}.Debug|Any CPU.Build.0 = Debug|Any CPU
		{48B6584F-D549-4B04-80AD-92A20A61EDCC}.Debug|Any CPU.Deploy.0 = Debug|Any CPU
		{48B6584F-D549-4B04-80AD-92A20A61EDCC}.Release|Any CPU.ActiveCfg = Release|Any CPU
		{48B6584F-D549-4B04-80AD-92A20A61EDCC}.Release|Any CPU.Build.0 = Release|Any CPU
		{48B6584F-D549-4B04-80AD-92A20A61EDCC}.Release|Any CPU.Deploy.0 = Release|Any CPU
		{2EF0C5C2-CA4B-46FE-98A6-ABE70137ACE0}.Debug|Any CPU.ActiveCfg = Debug|Any CPU
		{2EF0C5C2-CA4B-46FE-98A6-ABE70137ACE0}.Debug|Any CPU.Build.0 = Debug|Any CPU
		{2EF0C5C2-CA4B-46FE-98A6-ABE70137ACE0}.Release|Any CPU.ActiveCfg = Release|Any CPU
		{2EF0C5C2-CA4B-46FE-98A6-ABE70137ACE0}.Release|Any CPU.Build.0 = Release|Any CPU
	EndGlobalSection
	GlobalSection(SolutionProperties) = preSolution
		HideSolutionNode = FALSE
	EndGlobalSection
	GlobalSection(ExtensibilityGlobals) = postSolution
		SolutionGuid = {B5887594-C590-46BC-B7FD-D85AF22ED42A}
	EndGlobalSection
EndGlobal
